// !$*UTF8*$!
{
	archiveVersion = 1;
	classes = {
	};
	objectVersion = 50;
	objects = {

/* Begin PBXBuildFile section */
		0100A13226ECF0FC0053995F /* DataController.swift in Sources */ = {isa = PBXBuildFile; fileRef = 0100A13126ECF0FC0053995F /* DataController.swift */; };
		0129001A26EC1F8C00F7F9E0 /* FavoriteFoodListViewController.swift in Sources */ = {isa = PBXBuildFile; fileRef = 0129001926EC1F8C00F7F9E0 /* FavoriteFoodListViewController.swift */; };
		0129001C26EC1FA900F7F9E0 /* NutritionCardViewController.swift in Sources */ = {isa = PBXBuildFile; fileRef = 0129001B26EC1FA900F7F9E0 /* NutritionCardViewController.swift */; };
		0129001F26EC234900F7F9E0 /* EdamamResponse.swift in Sources */ = {isa = PBXBuildFile; fileRef = 0129001E26EC234900F7F9E0 /* EdamamResponse.swift */; };
		0129002126EC238000F7F9E0 /* EdamamClient.swift in Sources */ = {isa = PBXBuildFile; fileRef = 0129002026EC238000F7F9E0 /* EdamamClient.swift */; };
		0129002326EC2AAD00F7F9E0 /* EdamamResponseCode.swift in Sources */ = {isa = PBXBuildFile; fileRef = 0129002226EC2AAD00F7F9E0 /* EdamamResponseCode.swift */; };
		0129002626EC34A900F7F9E0 /* HomeViewVC+UIImagePickerDelegate.swift in Sources */ = {isa = PBXBuildFile; fileRef = 0129002526EC34A900F7F9E0 /* HomeViewVC+UIImagePickerDelegate.swift */; };
		0129002826EC362500F7F9E0 /* Inceptionv3.mlmodel in Sources */ = {isa = PBXBuildFile; fileRef = 0129002726EC362500F7F9E0 /* Inceptionv3.mlmodel */; };
		0129002C26EC523100F7F9E0 /* HomeViewVC+CoreML.swift in Sources */ = {isa = PBXBuildFile; fileRef = 0129002B26EC523100F7F9E0 /* HomeViewVC+CoreML.swift */; };
		01435E9D26ED0AA4002A4579 /* FoodTableViewCell.swift in Sources */ = {isa = PBXBuildFile; fileRef = 01435E9C26ED0AA4002A4579 /* FoodTableViewCell.swift */; };
		01749FBD26E6DC950041BC80 /* AppDelegate.swift in Sources */ = {isa = PBXBuildFile; fileRef = 01749FBC26E6DC950041BC80 /* AppDelegate.swift */; };
		01749FBF26E6DC950041BC80 /* SceneDelegate.swift in Sources */ = {isa = PBXBuildFile; fileRef = 01749FBE26E6DC950041BC80 /* SceneDelegate.swift */; };
		01749FC126E6DC950041BC80 /* HomeViewController.swift in Sources */ = {isa = PBXBuildFile; fileRef = 01749FC026E6DC950041BC80 /* HomeViewController.swift */; };
		01749FC426E6DC950041BC80 /* Main.storyboard in Resources */ = {isa = PBXBuildFile; fileRef = 01749FC226E6DC950041BC80 /* Main.storyboard */; };
		01749FC726E6DC950041BC80 /* NutritionBox.xcdatamodeld in Sources */ = {isa = PBXBuildFile; fileRef = 01749FC526E6DC950041BC80 /* NutritionBox.xcdatamodeld */; };
		01749FC926E6DC970041BC80 /* Assets.xcassets in Resources */ = {isa = PBXBuildFile; fileRef = 01749FC826E6DC970041BC80 /* Assets.xcassets */; };
		01749FCC26E6DC970041BC80 /* LaunchScreen.storyboard in Resources */ = {isa = PBXBuildFile; fileRef = 01749FCA26E6DC970041BC80 /* LaunchScreen.storyboard */; };
/* End PBXBuildFile section */

/* Begin PBXFileReference section */
		0100A13126ECF0FC0053995F /* DataController.swift */ = {isa = PBXFileReference; lastKnownFileType = sourcecode.swift; path = DataController.swift; sourceTree = "<group>"; };
		0129001926EC1F8C00F7F9E0 /* FavoriteFoodListViewController.swift */ = {isa = PBXFileReference; lastKnownFileType = sourcecode.swift; path = FavoriteFoodListViewController.swift; sourceTree = "<group>"; };
		0129001B26EC1FA900F7F9E0 /* NutritionCardViewController.swift */ = {isa = PBXFileReference; lastKnownFileType = sourcecode.swift; path = NutritionCardViewController.swift; sourceTree = "<group>"; };
		0129001E26EC234900F7F9E0 /* EdamamResponse.swift */ = {isa = PBXFileReference; lastKnownFileType = sourcecode.swift; path = EdamamResponse.swift; sourceTree = "<group>"; };
		0129002026EC238000F7F9E0 /* EdamamClient.swift */ = {isa = PBXFileReference; lastKnownFileType = sourcecode.swift; path = EdamamClient.swift; sourceTree = "<group>"; };
		0129002226EC2AAD00F7F9E0 /* EdamamResponseCode.swift */ = {isa = PBXFileReference; lastKnownFileType = sourcecode.swift; path = EdamamResponseCode.swift; sourceTree = "<group>"; };
		0129002526EC34A900F7F9E0 /* HomeViewVC+UIImagePickerDelegate.swift */ = {isa = PBXFileReference; lastKnownFileType = sourcecode.swift; path = "HomeViewVC+UIImagePickerDelegate.swift"; sourceTree = "<group>"; };
		0129002726EC362500F7F9E0 /* Inceptionv3.mlmodel */ = {isa = PBXFileReference; lastKnownFileType = file.mlmodel; path = Inceptionv3.mlmodel; sourceTree = "<group>"; };
		0129002B26EC523100F7F9E0 /* HomeViewVC+CoreML.swift */ = {isa = PBXFileReference; lastKnownFileType = sourcecode.swift; path = "HomeViewVC+CoreML.swift"; sourceTree = "<group>"; };
		01435E9C26ED0AA4002A4579 /* FoodTableViewCell.swift */ = {isa = PBXFileReference; lastKnownFileType = sourcecode.swift; path = FoodTableViewCell.swift; sourceTree = "<group>"; };
		01749FB926E6DC950041BC80 /* Nutrition Box.app */ = {isa = PBXFileReference; explicitFileType = wrapper.application; includeInIndex = 0; path = "Nutrition Box.app"; sourceTree = BUILT_PRODUCTS_DIR; };
		01749FBC26E6DC950041BC80 /* AppDelegate.swift */ = {isa = PBXFileReference; lastKnownFileType = sourcecode.swift; path = AppDelegate.swift; sourceTree = "<group>"; };
		01749FBE26E6DC950041BC80 /* SceneDelegate.swift */ = {isa = PBXFileReference; lastKnownFileType = sourcecode.swift; path = SceneDelegate.swift; sourceTree = "<group>"; };
		01749FC026E6DC950041BC80 /* HomeViewController.swift */ = {isa = PBXFileReference; lastKnownFileType = sourcecode.swift; path = HomeViewController.swift; sourceTree = "<group>"; };
		01749FC326E6DC950041BC80 /* Base */ = {isa = PBXFileReference; lastKnownFileType = file.storyboard; name = Base; path = Base.lproj/Main.storyboard; sourceTree = "<group>"; };
		01749FC626E6DC950041BC80 /* Nutrition_Box.xcdatamodel */ = {isa = PBXFileReference; lastKnownFileType = wrapper.xcdatamodel; path = Nutrition_Box.xcdatamodel; sourceTree = "<group>"; };
		01749FC826E6DC970041BC80 /* Assets.xcassets */ = {isa = PBXFileReference; lastKnownFileType = folder.assetcatalog; path = Assets.xcassets; sourceTree = "<group>"; };
		01749FCB26E6DC970041BC80 /* Base */ = {isa = PBXFileReference; lastKnownFileType = file.storyboard; name = Base; path = Base.lproj/LaunchScreen.storyboard; sourceTree = "<group>"; };
		01749FCD26E6DC970041BC80 /* Info.plist */ = {isa = PBXFileReference; lastKnownFileType = text.plist.xml; path = Info.plist; sourceTree = "<group>"; };
/* End PBXFileReference section */

/* Begin PBXFrameworksBuildPhase section */
		01749FB626E6DC950041BC80 /* Frameworks */ = {
			isa = PBXFrameworksBuildPhase;
			buildActionMask = 2147483647;
			files = (
			);
			runOnlyForDeploymentPostprocessing = 0;
		};
/* End PBXFrameworksBuildPhase section */

/* Begin PBXGroup section */
		0129001626EC1F1F00F7F9E0 /* Models */ = {
			isa = PBXGroup;
			children = (
				0129002F26EC654000F7F9E0 /* Data Model */,
				0129002D26EC63F600F7F9E0 /* Machine Learning Model */,
			);
			path = Models;
			sourceTree = "<group>";
		};
		0129001726EC1F2600F7F9E0 /* Views */ = {
			isa = PBXGroup;
			children = (
				01435E9C26ED0AA4002A4579 /* FoodTableViewCell.swift */,
			);
			path = Views;
			sourceTree = "<group>";
		};
		0129001826EC1F2F00F7F9E0 /* Controllers */ = {
			isa = PBXGroup;
			children = (
				0129002426EC348900F7F9E0 /* Extensions */,
				01749FC026E6DC950041BC80 /* HomeViewController.swift */,
				0129001926EC1F8C00F7F9E0 /* FavoriteFoodListViewController.swift */,
				0129001B26EC1FA900F7F9E0 /* NutritionCardViewController.swift */,
			);
			path = Controllers;
			sourceTree = "<group>";
		};
		0129001D26EC1FFF00F7F9E0 /* Networking */ = {
			isa = PBXGroup;
			children = (
				0129001E26EC234900F7F9E0 /* EdamamResponse.swift */,
				0129002026EC238000F7F9E0 /* EdamamClient.swift */,
				0129002226EC2AAD00F7F9E0 /* EdamamResponseCode.swift */,
			);
			path = Networking;
			sourceTree = "<group>";
		};
		0129002426EC348900F7F9E0 /* Extensions */ = {
			isa = PBXGroup;
			children = (
				0129002526EC34A900F7F9E0 /* HomeViewVC+UIImagePickerDelegate.swift */,
				0129002B26EC523100F7F9E0 /* HomeViewVC+CoreML.swift */,
			);
			path = Extensions;
			sourceTree = "<group>";
		};
		0129002D26EC63F600F7F9E0 /* Machine Learning Model */ = {
			isa = PBXGroup;
			children = (
				0129002726EC362500F7F9E0 /* Inceptionv3.mlmodel */,
			);
			path = "Machine Learning Model";
			sourceTree = "<group>";
		};
		0129002E26EC652C00F7F9E0 /* Resources */ = {
			isa = PBXGroup;
			children = (
				01749FC826E6DC970041BC80 /* Assets.xcassets */,
				01749FCA26E6DC970041BC80 /* LaunchScreen.storyboard */,
				01749FC226E6DC950041BC80 /* Main.storyboard */,
			);
			path = Resources;
			sourceTree = "<group>";
		};
		0129002F26EC654000F7F9E0 /* Data Model */ = {
			isa = PBXGroup;
			children = (
				01749FC526E6DC950041BC80 /* NutritionBox.xcdatamodeld */,
				0100A13126ECF0FC0053995F /* DataController.swift */,
			);
			path = "Data Model";
			sourceTree = "<group>";
		};
		01749FB026E6DC950041BC80 = {
			isa = PBXGroup;
			children = (
				01749FBB26E6DC950041BC80 /* Nutrition Box */,
				01749FBA26E6DC950041BC80 /* Products */,
			);
			sourceTree = "<group>";
		};
		01749FBA26E6DC950041BC80 /* Products */ = {
			isa = PBXGroup;
			children = (
				01749FB926E6DC950041BC80 /* Nutrition Box.app */,
			);
			name = Products;
			sourceTree = "<group>";
		};
		01749FBB26E6DC950041BC80 /* Nutrition Box */ = {
			isa = PBXGroup;
			children = (
				01749FCD26E6DC970041BC80 /* Info.plist */,
				01749FBC26E6DC950041BC80 /* AppDelegate.swift */,
				01749FBE26E6DC950041BC80 /* SceneDelegate.swift */,
				0129001D26EC1FFF00F7F9E0 /* Networking */,
				0129001826EC1F2F00F7F9E0 /* Controllers */,
				0129001726EC1F2600F7F9E0 /* Views */,
				0129001626EC1F1F00F7F9E0 /* Models */,
				0129002E26EC652C00F7F9E0 /* Resources */,
			);
			path = "Nutrition Box";
			sourceTree = "<group>";
		};
/* End PBXGroup section */

/* Begin PBXNativeTarget section */
		01749FB826E6DC950041BC80 /* Nutrition Box */ = {
			isa = PBXNativeTarget;
			buildConfigurationList = 01749FD026E6DC970041BC80 /* Build configuration list for PBXNativeTarget "Nutrition Box" */;
			buildPhases = (
				01749FB526E6DC950041BC80 /* Sources */,
				01749FB626E6DC950041BC80 /* Frameworks */,
				01749FB726E6DC950041BC80 /* Resources */,
			);
			buildRules = (
			);
			dependencies = (
			);
			name = "Nutrition Box";
			productName = "Nutrition Box";
			productReference = 01749FB926E6DC950041BC80 /* Nutrition Box.app */;
			productType = "com.apple.product-type.application";
		};
/* End PBXNativeTarget section */

/* Begin PBXProject section */
		01749FB126E6DC950041BC80 /* Project object */ = {
			isa = PBXProject;
			attributes = {
				LastSwiftUpdateCheck = 1250;
				LastUpgradeCheck = 1250;
				TargetAttributes = {
					01749FB826E6DC950041BC80 = {
						CreatedOnToolsVersion = 12.5;
					};
				};
			};
			buildConfigurationList = 01749FB426E6DC950041BC80 /* Build configuration list for PBXProject "Nutrition Box" */;
			compatibilityVersion = "Xcode 9.3";
			developmentRegion = en;
			hasScannedForEncodings = 0;
			knownRegions = (
				en,
				Base,
			);
			mainGroup = 01749FB026E6DC950041BC80;
			productRefGroup = 01749FBA26E6DC950041BC80 /* Products */;
			projectDirPath = "";
			projectRoot = "";
			targets = (
				01749FB826E6DC950041BC80 /* Nutrition Box */,
			);
		};
/* End PBXProject section */

/* Begin PBXResourcesBuildPhase section */
		01749FB726E6DC950041BC80 /* Resources */ = {
			isa = PBXResourcesBuildPhase;
			buildActionMask = 2147483647;
			files = (
				01749FCC26E6DC970041BC80 /* LaunchScreen.storyboard in Resources */,
				01749FC926E6DC970041BC80 /* Assets.xcassets in Resources */,
				01749FC426E6DC950041BC80 /* Main.storyboard in Resources */,
			);
			runOnlyForDeploymentPostprocessing = 0;
		};
/* End PBXResourcesBuildPhase section */

/* Begin PBXSourcesBuildPhase section */
		01749FB526E6DC950041BC80 /* Sources */ = {
			isa = PBXSourcesBuildPhase;
			buildActionMask = 2147483647;
			files = (
				0129002C26EC523100F7F9E0 /* HomeViewVC+CoreML.swift in Sources */,
				0129002826EC362500F7F9E0 /* Inceptionv3.mlmodel in Sources */,
				01749FC126E6DC950041BC80 /* HomeViewController.swift in Sources */,
				01435E9D26ED0AA4002A4579 /* FoodTableViewCell.swift in Sources */,
				0129002126EC238000F7F9E0 /* EdamamClient.swift in Sources */,
				01749FBD26E6DC950041BC80 /* AppDelegate.swift in Sources */,
				0129001A26EC1F8C00F7F9E0 /* FavoriteFoodListViewController.swift in Sources */,
				0129002326EC2AAD00F7F9E0 /* EdamamResponseCode.swift in Sources */,
				0129002626EC34A900F7F9E0 /* HomeViewVC+UIImagePickerDelegate.swift in Sources */,
				0129001F26EC234900F7F9E0 /* EdamamResponse.swift in Sources */,
				0129001C26EC1FA900F7F9E0 /* NutritionCardViewController.swift in Sources */,
				01749FC726E6DC950041BC80 /* NutritionBox.xcdatamodeld in Sources */,
				0100A13226ECF0FC0053995F /* DataController.swift in Sources */,
				01749FBF26E6DC950041BC80 /* SceneDelegate.swift in Sources */,
			);
			runOnlyForDeploymentPostprocessing = 0;
		};
/* End PBXSourcesBuildPhase section */

/* Begin PBXVariantGroup section */
		01749FC226E6DC950041BC80 /* Main.storyboard */ = {
			isa = PBXVariantGroup;
			children = (
				01749FC326E6DC950041BC80 /* Base */,
			);
			name = Main.storyboard;
			sourceTree = "<group>";
		};
		01749FCA26E6DC970041BC80 /* LaunchScreen.storyboard */ = {
			isa = PBXVariantGroup;
			children = (
				01749FCB26E6DC970041BC80 /* Base */,
			);
			name = LaunchScreen.storyboard;
			sourceTree = "<group>";
		};
/* End PBXVariantGroup section */

/* Begin XCBuildConfiguration section */
		01749FCE26E6DC970041BC80 /* Debug */ = {
			isa = XCBuildConfiguration;
			buildSettings = {
				ALWAYS_SEARCH_USER_PATHS = NO;
				CLANG_ANALYZER_NONNULL = YES;
				CLANG_ANALYZER_NUMBER_OBJECT_CONVERSION = YES_AGGRESSIVE;
				CLANG_CXX_LANGUAGE_STANDARD = "gnu++14";
				CLANG_CXX_LIBRARY = "libc++";
				CLANG_ENABLE_MODULES = YES;
				CLANG_ENABLE_OBJC_ARC = YES;
				CLANG_ENABLE_OBJC_WEAK = YES;
				CLANG_WARN_BLOCK_CAPTURE_AUTORELEASING = YES;
				CLANG_WARN_BOOL_CONVERSION = YES;
				CLANG_WARN_COMMA = YES;
				CLANG_WARN_CONSTANT_CONVERSION = YES;
				CLANG_WARN_DEPRECATED_OBJC_IMPLEMENTATIONS = YES;
				CLANG_WARN_DIRECT_OBJC_ISA_USAGE = YES_ERROR;
				CLANG_WARN_DOCUMENTATION_COMMENTS = YES;
				CLANG_WARN_EMPTY_BODY = YES;
				CLANG_WARN_ENUM_CONVERSION = YES;
				CLANG_WARN_INFINITE_RECURSION = YES;
				CLANG_WARN_INT_CONVERSION = YES;
				CLANG_WARN_NON_LITERAL_NULL_CONVERSION = YES;
				CLANG_WARN_OBJC_IMPLICIT_RETAIN_SELF = YES;
				CLANG_WARN_OBJC_LITERAL_CONVERSION = YES;
				CLANG_WARN_OBJC_ROOT_CLASS = YES_ERROR;
				CLANG_WARN_QUOTED_INCLUDE_IN_FRAMEWORK_HEADER = YES;
				CLANG_WARN_RANGE_LOOP_ANALYSIS = YES;
				CLANG_WARN_STRICT_PROTOTYPES = YES;
				CLANG_WARN_SUSPICIOUS_MOVE = YES;
				CLANG_WARN_UNGUARDED_AVAILABILITY = YES_AGGRESSIVE;
				CLANG_WARN_UNREACHABLE_CODE = YES;
				CLANG_WARN__DUPLICATE_METHOD_MATCH = YES;
				COPY_PHASE_STRIP = NO;
				DEBUG_INFORMATION_FORMAT = dwarf;
				ENABLE_STRICT_OBJC_MSGSEND = YES;
				ENABLE_TESTABILITY = YES;
				GCC_C_LANGUAGE_STANDARD = gnu11;
				GCC_DYNAMIC_NO_PIC = NO;
				GCC_NO_COMMON_BLOCKS = YES;
				GCC_OPTIMIZATION_LEVEL = 0;
				GCC_PREPROCESSOR_DEFINITIONS = (
					"DEBUG=1",
					"$(inherited)",
				);
				GCC_WARN_64_TO_32_BIT_CONVERSION = YES;
				GCC_WARN_ABOUT_RETURN_TYPE = YES_ERROR;
				GCC_WARN_UNDECLARED_SELECTOR = YES;
				GCC_WARN_UNINITIALIZED_AUTOS = YES_AGGRESSIVE;
				GCC_WARN_UNUSED_FUNCTION = YES;
				GCC_WARN_UNUSED_VARIABLE = YES;
				IPHONEOS_DEPLOYMENT_TARGET = 14.5;
				MTL_ENABLE_DEBUG_INFO = INCLUDE_SOURCE;
				MTL_FAST_MATH = YES;
				ONLY_ACTIVE_ARCH = YES;
				SDKROOT = iphoneos;
				SWIFT_ACTIVE_COMPILATION_CONDITIONS = DEBUG;
				SWIFT_OPTIMIZATION_LEVEL = "-Onone";
			};
			name = Debug;
		};
		01749FCF26E6DC970041BC80 /* Release */ = {
			isa = XCBuildConfiguration;
			buildSettings = {
				ALWAYS_SEARCH_USER_PATHS = NO;
				CLANG_ANALYZER_NONNULL = YES;
				CLANG_ANALYZER_NUMBER_OBJECT_CONVERSION = YES_AGGRESSIVE;
				CLANG_CXX_LANGUAGE_STANDARD = "gnu++14";
				CLANG_CXX_LIBRARY = "libc++";
				CLANG_ENABLE_MODULES = YES;
				CLANG_ENABLE_OBJC_ARC = YES;
				CLANG_ENABLE_OBJC_WEAK = YES;
				CLANG_WARN_BLOCK_CAPTURE_AUTORELEASING = YES;
				CLANG_WARN_BOOL_CONVERSION = YES;
				CLANG_WARN_COMMA = YES;
				CLANG_WARN_CONSTANT_CONVERSION = YES;
				CLANG_WARN_DEPRECATED_OBJC_IMPLEMENTATIONS = YES;
				CLANG_WARN_DIRECT_OBJC_ISA_USAGE = YES_ERROR;
				CLANG_WARN_DOCUMENTATION_COMMENTS = YES;
				CLANG_WARN_EMPTY_BODY = YES;
				CLANG_WARN_ENUM_CONVERSION = YES;
				CLANG_WARN_INFINITE_RECURSION = YES;
				CLANG_WARN_INT_CONVERSION = YES;
				CLANG_WARN_NON_LITERAL_NULL_CONVERSION = YES;
				CLANG_WARN_OBJC_IMPLICIT_RETAIN_SELF = YES;
				CLANG_WARN_OBJC_LITERAL_CONVERSION = YES;
				CLANG_WARN_OBJC_ROOT_CLASS = YES_ERROR;
				CLANG_WARN_QUOTED_INCLUDE_IN_FRAMEWORK_HEADER = YES;
				CLANG_WARN_RANGE_LOOP_ANALYSIS = YES;
				CLANG_WARN_STRICT_PROTOTYPES = YES;
				CLANG_WARN_SUSPICIOUS_MOVE = YES;
				CLANG_WARN_UNGUARDED_AVAILABILITY = YES_AGGRESSIVE;
				CLANG_WARN_UNREACHABLE_CODE = YES;
				CLANG_WARN__DUPLICATE_METHOD_MATCH = YES;
				COPY_PHASE_STRIP = NO;
				DEBUG_INFORMATION_FORMAT = "dwarf-with-dsym";
				ENABLE_NS_ASSERTIONS = NO;
				ENABLE_STRICT_OBJC_MSGSEND = YES;
				GCC_C_LANGUAGE_STANDARD = gnu11;
				GCC_NO_COMMON_BLOCKS = YES;
				GCC_WARN_64_TO_32_BIT_CONVERSION = YES;
				GCC_WARN_ABOUT_RETURN_TYPE = YES_ERROR;
				GCC_WARN_UNDECLARED_SELECTOR = YES;
				GCC_WARN_UNINITIALIZED_AUTOS = YES_AGGRESSIVE;
				GCC_WARN_UNUSED_FUNCTION = YES;
				GCC_WARN_UNUSED_VARIABLE = YES;
				IPHONEOS_DEPLOYMENT_TARGET = 14.5;
				MTL_ENABLE_DEBUG_INFO = NO;
				MTL_FAST_MATH = YES;
				SDKROOT = iphoneos;
				SWIFT_COMPILATION_MODE = wholemodule;
				SWIFT_OPTIMIZATION_LEVEL = "-O";
				VALIDATE_PRODUCT = YES;
			};
			name = Release;
		};
		01749FD126E6DC970041BC80 /* Debug */ = {
			isa = XCBuildConfiguration;
			buildSettings = {
				ASSETCATALOG_COMPILER_APPICON_NAME = AppIcon;
				ASSETCATALOG_COMPILER_GLOBAL_ACCENT_COLOR_NAME = AccentColor;
				CODE_SIGN_STYLE = Automatic;
				DEVELOPMENT_TEAM = CVSRYHR3VR;
				INFOPLIST_FILE = "Nutrition Box/Info.plist";
				LD_RUNPATH_SEARCH_PATHS = (
					"$(inherited)",
					"@executable_path/Frameworks",
				);
				PRODUCT_BUNDLE_IDENTIFIER = "com.nooglersoon.Nutrition-Box";
				PRODUCT_NAME = "$(TARGET_NAME)";
				SWIFT_VERSION = 5.0;
				TARGETED_DEVICE_FAMILY = "1,2";
			};
			name = Debug;
		};
		01749FD226E6DC970041BC80 /* Release */ = {
			isa = XCBuildConfiguration;
			buildSettings = {
				ASSETCATALOG_COMPILER_APPICON_NAME = AppIcon;
				ASSETCATALOG_COMPILER_GLOBAL_ACCENT_COLOR_NAME = AccentColor;
				CODE_SIGN_STYLE = Automatic;
				DEVELOPMENT_TEAM = CVSRYHR3VR;
				INFOPLIST_FILE = "Nutrition Box/Info.plist";
				LD_RUNPATH_SEARCH_PATHS = (
					"$(inherited)",
					"@executable_path/Frameworks",
				);
				PRODUCT_BUNDLE_IDENTIFIER = "com.nooglersoon.Nutrition-Box";
				PRODUCT_NAME = "$(TARGET_NAME)";
				SWIFT_VERSION = 5.0;
				TARGETED_DEVICE_FAMILY = "1,2";
			};
			name = Release;
		};
/* End XCBuildConfiguration section */

/* Begin XCConfigurationList section */
		01749FB426E6DC950041BC80 /* Build configuration list for PBXProject "Nutrition Box" */ = {
			isa = XCConfigurationList;
			buildConfigurations = (
				01749FCE26E6DC970041BC80 /* Debug */,
				01749FCF26E6DC970041BC80 /* Release */,
			);
			defaultConfigurationIsVisible = 0;
			defaultConfigurationName = Release;
		};
		01749FD026E6DC970041BC80 /* Build configuration list for PBXNativeTarget "Nutrition Box" */ = {
			isa = XCConfigurationList;
			buildConfigurations = (
				01749FD126E6DC970041BC80 /* Debug */,
				01749FD226E6DC970041BC80 /* Release */,
			);
			defaultConfigurationIsVisible = 0;
			defaultConfigurationName = Release;
		};
/* End XCConfigurationList section */

/* Begin XCVersionGroup section */
		01749FC526E6DC950041BC80 /* NutritionBox.xcdatamodeld */ = {
			isa = XCVersionGroup;
			children = (
				01749FC626E6DC950041BC80 /* Nutrition_Box.xcdatamodel */,
			);
			currentVersion = 01749FC626E6DC950041BC80 /* Nutrition_Box.xcdatamodel */;
			path = NutritionBox.xcdatamodeld;
			sourceTree = "<group>";
			versionGroupType = wrapper.xcdatamodel;
		};
/* End XCVersionGroup section */
	};
	rootObject = 01749FB126E6DC950041BC80 /* Project object */;
}
